{
  "name": "isotools",
  "version": "1.0.2",
  "lockfileVersion": 2,
  "requires": true,
  "packages": {
    "": {
      "name": "isotools",
      "version": "1.0.2",
      "license": "ISC",
      "dependencies": {
        "isotools": "^1.0.2"
      }
    },
    "node_modules/isotools": {
      "version": "1.0.2",
      "resolved": "https://registry.npmjs.org/isotools/-/isotools-1.0.2.tgz",
      "integrity": "sha512-yKTopUNreDbYyGqueSeV82dBoDr8M641WgXOlWPPRYYquwGzIegnqflXMapvCcmS3LXMF2nV2elNQN7NlVhbbw=="
    }
  },
  "dependencies": {
    "isotools": {
      "version": "1.0.2",
      "resolved": "https://registry.npmjs.org/isotools/-/isotools-1.0.2.tgz",
      "integrity": "sha512-yKTopUNreDbYyGqueSeV82dBoDr8M641WgXOlWPPRYYquwGzIegnqflXMapvCcmS3LXMF2nV2elNQN7NlVhbbw=="
    }
  }
}
